
Microsoft Visual Studio Solution File, Format Version 12.00
# Visual Studio Version 16
VisualStudioVersion = 16.0.31515.178
MinimumVisualStudioVersion = 10.0.40219.1
Project("{FAE04EC0-301F-11D3-BF4B-00C04F79EFBC}") = "PasswordManager", "PasswordManager\PasswordManager.csproj", "{A0741AAF-B30C-4C5B-B3B8-1D70AA044094}"
EndProject
Global
	GlobalSection(SolutionConfigurationPlatforms) = preSolution
		Debug|Any CPU = Debug|Any CPU
		Release|Any CPU = Release|Any CPU
	EndGlobalSection
	GlobalSection(ProjectConfigurationPlatforms) = postSolution
		{A0741AAF-B30C-4C5B-B3B8-1D70AA044094}.Debug|Any CPU.ActiveCfg = Debug|Any CPU
		{A0741AAF-B30C-4C5B-B3B8-1D70AA044094}.Debug|Any CPU.Build.0 = Debug|Any CPU
		{A0741AAF-B30C-4C5B-B3B8-1D70AA044094}.Release|Any CPU.ActiveCfg = Release|Any CPU
		{A0741AAF-B30C-4C5B-B3B8-1D70AA044094}.Release|Any CPU.Build.0 = Release|Any CPU
	EndGlobalSection
	GlobalSection(SolutionProperties) = preSolution
		HideSolutionNode = FALSE
	EndGlobalSection
	GlobalSection(ExtensibilityGlobals) = postSolution
		SolutionGuid = {B9F28ACD-7DCF-4387-BB0F-28552E53CF13}
	EndGlobalSection
EndGlobal
